<?xml version="1.0" encoding="utf-8"?>
<Project ToolsVersion="4.0" xmlns="http://schemas.microsoft.com/developer/msbuild/2003">
  <ItemGroup>
    <Filter Include="Header Files">
      <UniqueIdentifier>{93995380-89BD-4b04-88EB-625FBE52EBFB}</UniqueIdentifier>
      <Extensions>h;hpp;hxx;hm;inl;inc;xsd</Extensions>
    </Filter>
    <Filter Include="Resource Files">
      <UniqueIdentifier>{67DA6AB6-F800-4c08-8B7A-83BB121AAD01}</UniqueIdentifier>
      <Extensions>rc;ico;cur;bmp;dlg;rc2;rct;bin;rgs;gif;jpg;jpeg;jpe;resx;tiff;tif;png;wav;mfcribbon-ms</Extensions>
    </Filter>
    <Filter Include="mhook">
      <UniqueIdentifier>{3bc8602a-7a1a-4f86-8880-f4284f531207}</UniqueIdentifier>
    </Filter>
    <Filter Include="mincrt">
      <UniqueIdentifier>{fe649917-1490-4dfa-ba6f-4abda8fbf55b}</UniqueIdentifier>
    </Filter>
    <Filter Include="nethk">
      <UniqueIdentifier>{4FC737F1-C7A5-4376-A066-2A32D752A2FF}</UniqueIdentifier>
      <Extensions>cpp;c;cc;cxx;def;odl;idl;hpj;bat;asm;asmx</Extensions>
    </Filter>
  </ItemGroup>
  <ItemGroup>
    <None Include="ReadMe.txt" />
  </ItemGroup>
  <ItemGroup>
    <ClInclude Include="mhook\mhook.h">
      <Filter>mhook</Filter>
    </ClInclude>
    <ClInclude Include="disasm\cpu.h">
      <Filter>mhook</Filter>
    </ClInclude>
    <ClInclude Include="disasm\disasm.h">
      <Filter>mhook</Filter>
    </ClInclude>
    <ClInclude Include="disasm\disasm_x86.h">
      <Filter>mhook</Filter>
    </ClInclude>
    <ClInclude Include="disasm\disasm_x86_tables.h">
      <Filter>mhook</Filter>
    </ClInclude>
    <ClInclude Include="disasm\misc.h">
      <Filter>mhook</Filter>
    </ClInclude>
    <ClInclude Include="mincrt\mincrt.h">
      <Filter>mincrt</Filter>
    </ClInclude>
    <ClInclude Include="mincrt\mincrt_mem.h">
      <Filter>mincrt</Filter>
    </ClInclude>
    <ClInclude Include="mincrt\mincrt_str.h">
      <Filter>mincrt</Filter>
    </ClInclude>
    <ClInclude Include="handlers.h">
      <Filter>nethk</Filter>
    </ClInclude>
    <ClInclude Include="nethk.h">
      <Filter>nethk</Filter>
    </ClInclude>
  </ItemGroup>
  <ItemGroup>
    <ClCompile Include="disasm\cpu.c">
      <Filter>mhook</Filter>
    </ClCompile>
    <ClCompile Include="disasm\disasm.c">
      <Filter>mhook</Filter>
    </ClCompile>
    <ClCompile Include="disasm\disasm_x86.c">
      <Filter>mhook</Filter>
    </ClCompile>
    <ClCompile Include="disasm\misc.c">
      <Filter>mhook</Filter>
    </ClCompile>
    <ClCompile Include="mhook\mhook.c">
      <Filter>mhook</Filter>
    </ClCompile>
    <ClCompile Include="mincrt\mincrt.c">
      <Filter>mincrt</Filter>
    </ClCompile>
    <ClCompile Include="mincrt\mincrt_mem.c">
      <Filter>mincrt</Filter>
    </ClCompile>
    <ClCompile Include="mincrt\mincrt_str.c">
      <Filter>mincrt</Filter>
    </ClCompile>
    <ClCompile Include="hook.c">
      <Filter>nethk</Filter>
    </ClCompile>
    <ClCompile Include="nethk.c">
      <Filter>nethk</Filter>
    </ClCompile>
    <ClCompile Include="handlers.c">
      <Filter>nethk</Filter>
    </ClCompile>
  </ItemGroup>
</Project>